// !$*UTF8*$!
{
	archiveVersion = 1;
	classes = {
	};
	objectVersion = 56;
	objects = {

/* Begin PBXBuildFile section */
		FE11EDCC2AC41443008E9183 /* Colors.xcassets in Resources */ = {isa = PBXBuildFile; fileRef = FE11EDCB2AC41443008E9183 /* Colors.xcassets */; };
		FE11EDCE2AC4145B008E9183 /* Colors.swift in Sources */ = {isa = PBXBuildFile; fileRef = FE11EDCD2AC4145B008E9183 /* Colors.swift */; };
		FE11EDD12AC43CF6008E9183 /* LocationViewModel.swift in Sources */ = {isa = PBXBuildFile; fileRef = FE11EDD02AC43CF6008E9183 /* LocationViewModel.swift */; };
		FEDB5D302AC1751B00E8D199 /* LearningSwiftUIApp.swift in Sources */ = {isa = PBXBuildFile; fileRef = FEDB5D2F2AC1751B00E8D199 /* LearningSwiftUIApp.swift */; };
		FEDB5D322AC1751B00E8D199 /* ContentView.swift in Sources */ = {isa = PBXBuildFile; fileRef = FEDB5D312AC1751B00E8D199 /* ContentView.swift */; };
		FEDB5D342AC1751D00E8D199 /* Assets.xcassets in Resources */ = {isa = PBXBuildFile; fileRef = FEDB5D332AC1751D00E8D199 /* Assets.xcassets */; };
		FEDB5D372AC1751D00E8D199 /* Preview Assets.xcassets in Resources */ = {isa = PBXBuildFile; fileRef = FEDB5D362AC1751D00E8D199 /* Preview Assets.xcassets */; };
		FEEE27A82AC35B4A0004C25E /* ForEachExample.swift in Sources */ = {isa = PBXBuildFile; fileRef = FEEE27A72AC35B4A0004C25E /* ForEachExample.swift */; };
		FEEE27AA2AC35D5B0004C25E /* SafeArea.swift in Sources */ = {isa = PBXBuildFile; fileRef = FEEE27A92AC35D5B0004C25E /* SafeArea.swift */; };
/* End PBXBuildFile section */

/* Begin PBXFileReference section */
		FE11EDCB2AC41443008E9183 /* Colors.xcassets */ = {isa = PBXFileReference; lastKnownFileType = folder.assetcatalog; path = Colors.xcassets; sourceTree = "<group>"; };
		FE11EDCD2AC4145B008E9183 /* Colors.swift */ = {isa = PBXFileReference; lastKnownFileType = sourcecode.swift; path = Colors.swift; sourceTree = "<group>"; };
		FE11EDCF2AC43A80008E9183 /* Info.plist */ = {isa = PBXFileReference; lastKnownFileType = text.plist; path = Info.plist; sourceTree = "<group>"; };
		FE11EDD02AC43CF6008E9183 /* LocationViewModel.swift */ = {isa = PBXFileReference; lastKnownFileType = sourcecode.swift; path = LocationViewModel.swift; sourceTree = "<group>"; };
		FEDB5D2C2AC1751B00E8D199 /* LearningSwiftUI.app */ = {isa = PBXFileReference; explicitFileType = wrapper.application; includeInIndex = 0; path = LearningSwiftUI.app; sourceTree = BUILT_PRODUCTS_DIR; };
		FEDB5D2F2AC1751B00E8D199 /* LearningSwiftUIApp.swift */ = {isa = PBXFileReference; lastKnownFileType = sourcecode.swift; path = LearningSwiftUIApp.swift; sourceTree = "<group>"; };
		FEDB5D312AC1751B00E8D199 /* ContentView.swift */ = {isa = PBXFileReference; lastKnownFileType = sourcecode.swift; path = ContentView.swift; sourceTree = "<group>"; };
		FEDB5D332AC1751D00E8D199 /* Assets.xcassets */ = {isa = PBXFileReference; lastKnownFileType = folder.assetcatalog; path = Assets.xcassets; sourceTree = "<group>"; };
		FEDB5D362AC1751D00E8D199 /* Preview Assets.xcassets */ = {isa = PBXFileReference; lastKnownFileType = folder.assetcatalog; path = "Preview Assets.xcassets"; sourceTree = "<group>"; };
		FEEE27A72AC35B4A0004C25E /* ForEachExample.swift */ = {isa = PBXFileReference; lastKnownFileType = sourcecode.swift; path = ForEachExample.swift; sourceTree = "<group>"; };
		FEEE27A92AC35D5B0004C25E /* SafeArea.swift */ = {isa = PBXFileReference; lastKnownFileType = sourcecode.swift; path = SafeArea.swift; sourceTree = "<group>"; };
/* End PBXFileReference section */

/* Begin PBXFrameworksBuildPhase section */
		FEDB5D292AC1751B00E8D199 /* Frameworks */ = {
			isa = PBXFrameworksBuildPhase;
			buildActionMask = 2147483647;
			files = (
			);
			runOnlyForDeploymentPostprocessing = 0;
		};
/* End PBXFrameworksBuildPhase section */

/* Begin PBXGroup section */
		FE11EDCA2AC41405008E9183 /* Contstants */ = {
			isa = PBXGroup;
			children = (
				FE11EDCB2AC41443008E9183 /* Colors.xcassets */,
				FE11EDCD2AC4145B008E9183 /* Colors.swift */,
			);
			path = Contstants;
			sourceTree = "<group>";
		};
		FEC363CE2AC319880067D6C1 /* View */ = {
			isa = PBXGroup;
			children = (
				FEDB5D312AC1751B00E8D199 /* ContentView.swift */,
				FEEE27A72AC35B4A0004C25E /* ForEachExample.swift */,
				FEEE27A92AC35D5B0004C25E /* SafeArea.swift */,
				FE11EDD02AC43CF6008E9183 /* LocationViewModel.swift */,
			);
			path = View;
			sourceTree = "<group>";
		};
		FEC363CF2AC319940067D6C1 /* Controller */ = {
			isa = PBXGroup;
			children = (
			);
			path = Controller;
			sourceTree = "<group>";
		};
		FEC363D02AC319A10067D6C1 /* Model */ = {
			isa = PBXGroup;
			children = (
			);
			name = Model;
			sourceTree = "<group>";
		};
		FEDB5D232AC1751B00E8D199 = {
			isa = PBXGroup;
			children = (
				FEDB5D2E2AC1751B00E8D199 /* LearningSwiftUI */,
				FEDB5D2D2AC1751B00E8D199 /* Products */,
			);
			sourceTree = "<group>";
		};
		FEDB5D2D2AC1751B00E8D199 /* Products */ = {
			isa = PBXGroup;
			children = (
				FEDB5D2C2AC1751B00E8D199 /* LearningSwiftUI.app */,
			);
			name = Products;
			sourceTree = "<group>";
		};
		FEDB5D2E2AC1751B00E8D199 /* LearningSwiftUI */ = {
			isa = PBXGroup;
			children = (
				FE11EDCF2AC43A80008E9183 /* Info.plist */,
				FE11EDCA2AC41405008E9183 /* Contstants */,
				FEC363D02AC319A10067D6C1 /* Model */,
				FEC363CF2AC319940067D6C1 /* Controller */,
				FEC363CE2AC319880067D6C1 /* View */,
				FEDB5D2F2AC1751B00E8D199 /* LearningSwiftUIApp.swift */,
				FEDB5D332AC1751D00E8D199 /* Assets.xcassets */,
				FEDB5D352AC1751D00E8D199 /* Preview Content */,
			);
			path = LearningSwiftUI;
			sourceTree = "<group>";
		};
		FEDB5D352AC1751D00E8D199 /* Preview Content */ = {
			isa = PBXGroup;
			children = (
				FEDB5D362AC1751D00E8D199 /* Preview Assets.xcassets */,
			);
			path = "Preview Content";
			sourceTree = "<group>";
		};
/* End PBXGroup section */

/* Begin PBXNativeTarget section */
		FEDB5D2B2AC1751B00E8D199 /* LearningSwiftUI */ = {
			isa = PBXNativeTarget;
			buildConfigurationList = FEDB5D3A2AC1751D00E8D199 /* Build configuration list for PBXNativeTarget "LearningSwiftUI" */;
			buildPhases = (
				FEDB5D282AC1751B00E8D199 /* Sources */,
				FEDB5D292AC1751B00E8D199 /* Frameworks */,
				FEDB5D2A2AC1751B00E8D199 /* Resources */,
			);
			buildRules = (
			);
			dependencies = (
			);
			name = LearningSwiftUI;
			productName = LearningSwiftUI;
			productReference = FEDB5D2C2AC1751B00E8D199 /* LearningSwiftUI.app */;
			productType = "com.apple.product-type.application";
		};
/* End PBXNativeTarget section */

/* Begin PBXProject section */
		FEDB5D242AC1751B00E8D199 /* Project object */ = {
			isa = PBXProject;
			attributes = {
				BuildIndependentTargetsInParallel = 1;
				LastSwiftUpdateCheck = 1430;
				LastUpgradeCheck = 1430;
				TargetAttributes = {
					FEDB5D2B2AC1751B00E8D199 = {
						CreatedOnToolsVersion = 14.3.1;
					};
				};
			};
			buildConfigurationList = FEDB5D272AC1751B00E8D199 /* Build configuration list for PBXProject "LearningSwiftUI" */;
			compatibilityVersion = "Xcode 14.0";
			developmentRegion = en;
			hasScannedForEncodings = 0;
			knownRegions = (
				en,
				Base,
			);
			mainGroup = FEDB5D232AC1751B00E8D199;
			productRefGroup = FEDB5D2D2AC1751B00E8D199 /* Products */;
			projectDirPath = "";
			projectRoot = "";
			targets = (
				FEDB5D2B2AC1751B00E8D199 /* LearningSwiftUI */,
			);
		};
/* End PBXProject section */

/* Begin PBXResourcesBuildPhase section */
		FEDB5D2A2AC1751B00E8D199 /* Resources */ = {
			isa = PBXResourcesBuildPhase;
			buildActionMask = 2147483647;
			files = (
				FEDB5D372AC1751D00E8D199 /* Preview Assets.xcassets in Resources */,
				FE11EDCC2AC41443008E9183 /* Colors.xcassets in Resources */,
				FEDB5D342AC1751D00E8D199 /* Assets.xcassets in Resources */,
			);
			runOnlyForDeploymentPostprocessing = 0;
		};
/* End PBXResourcesBuildPhase section */

/* Begin PBXSourcesBuildPhase section */
		FEDB5D282AC1751B00E8D199 /* Sources */ = {
			isa = PBXSourcesBuildPhase;
			buildActionMask = 2147483647;
			files = (
				FEDB5D322AC1751B00E8D199 /* ContentView.swift in Sources */,
				FE11EDD12AC43CF6008E9183 /* LocationViewModel.swift in Sources */,
				FE11EDCE2AC4145B008E9183 /* Colors.swift in Sources */,
				FEEE27AA2AC35D5B0004C25E /* SafeArea.swift in Sources */,
				FEEE27A82AC35B4A0004C25E /* ForEachExample.swift in Sources */,
				FEDB5D302AC1751B00E8D199 /* LearningSwiftUIApp.swift in Sources */,
			);
			runOnlyForDeploymentPostprocessing = 0;
		};
/* End PBXSourcesBuildPhase section */

/* Begin XCBuildConfiguration section */
		FEDB5D382AC1751D00E8D199 /* Debug */ = {
			isa = XCBuildConfiguration;
			buildSettings = {
				ALWAYS_SEARCH_USER_PATHS = NO;
				CLANG_ANALYZER_NONNULL = YES;
				CLANG_ANALYZER_NUMBER_OBJECT_CONVERSION = YES_AGGRESSIVE;
				CLANG_CXX_LANGUAGE_STANDARD = "gnu++20";
				CLANG_ENABLE_MODULES = YES;
				CLANG_ENABLE_OBJC_ARC = YES;
				CLANG_ENABLE_OBJC_WEAK = YES;
				CLANG_WARN_BLOCK_CAPTURE_AUTORELEASING = YES;
				CLANG_WARN_BOOL_CONVERSION = YES;
				CLANG_WARN_COMMA = YES;
				CLANG_WARN_CONSTANT_CONVERSION = YES;
				CLANG_WARN_DEPRECATED_OBJC_IMPLEMENTATIONS = YES;
				CLANG_WARN_DIRECT_OBJC_ISA_USAGE = YES_ERROR;
				CLANG_WARN_DOCUMENTATION_COMMENTS = YES;
				CLANG_WARN_EMPTY_BODY = YES;
				CLANG_WARN_ENUM_CONVERSION = YES;
				CLANG_WARN_INFINITE_RECURSION = YES;
				CLANG_WARN_INT_CONVERSION = YES;
				CLANG_WARN_NON_LITERAL_NULL_CONVERSION = YES;
				CLANG_WARN_OBJC_IMPLICIT_RETAIN_SELF = YES;
				CLANG_WARN_OBJC_LITERAL_CONVERSION = YES;
				CLANG_WARN_OBJC_ROOT_CLASS = YES_ERROR;
				CLANG_WARN_QUOTED_INCLUDE_IN_FRAMEWORK_HEADER = YES;
				CLANG_WARN_RANGE_LOOP_ANALYSIS = YES;
				CLANG_WARN_STRICT_PROTOTYPES = YES;
				CLANG_WARN_SUSPICIOUS_MOVE = YES;
				CLANG_WARN_UNGUARDED_AVAILABILITY = YES_AGGRESSIVE;
				CLANG_WARN_UNREACHABLE_CODE = YES;
				CLANG_WARN__DUPLICATE_METHOD_MATCH = YES;
				COPY_PHASE_STRIP = NO;
				DEBUG_INFORMATION_FORMAT = dwarf;
				ENABLE_STRICT_OBJC_MSGSEND = YES;
				ENABLE_TESTABILITY = YES;
				GCC_C_LANGUAGE_STANDARD = gnu11;
				GCC_DYNAMIC_NO_PIC = NO;
				GCC_NO_COMMON_BLOCKS = YES;
				GCC_OPTIMIZATION_LEVEL = 0;
				GCC_PREPROCESSOR_DEFINITIONS = (
					"DEBUG=1",
					"$(inherited)",
				);
				GCC_WARN_64_TO_32_BIT_CONVERSION = YES;
				GCC_WARN_ABOUT_RETURN_TYPE = YES_ERROR;
				GCC_WARN_UNDECLARED_SELECTOR = YES;
				GCC_WARN_UNINITIALIZED_AUTOS = YES_AGGRESSIVE;
				GCC_WARN_UNUSED_FUNCTION = YES;
				GCC_WARN_UNUSED_VARIABLE = YES;
				IPHONEOS_DEPLOYMENT_TARGET = 16.4;
				MTL_ENABLE_DEBUG_INFO = INCLUDE_SOURCE;
				MTL_FAST_MATH = YES;
				ONLY_ACTIVE_ARCH = YES;
				SDKROOT = iphoneos;
				SWIFT_ACTIVE_COMPILATION_CONDITIONS = DEBUG;
				SWIFT_OPTIMIZATION_LEVEL = "-Onone";
			};
			name = Debug;
		};
		FEDB5D392AC1751D00E8D199 /* Release */ = {
			isa = XCBuildConfiguration;
			buildSettings = {
				ALWAYS_SEARCH_USER_PATHS = NO;
				CLANG_ANALYZER_NONNULL = YES;
				CLANG_ANALYZER_NUMBER_OBJECT_CONVERSION = YES_AGGRESSIVE;
				CLANG_CXX_LANGUAGE_STANDARD = "gnu++20";
				CLANG_ENABLE_MODULES = YES;
				CLANG_ENABLE_OBJC_ARC = YES;
				CLANG_ENABLE_OBJC_WEAK = YES;
				CLANG_WARN_BLOCK_CAPTURE_AUTORELEASING = YES;
				CLANG_WARN_BOOL_CONVERSION = YES;
				CLANG_WARN_COMMA = YES;
				CLANG_WARN_CONSTANT_CONVERSION = YES;
				CLANG_WARN_DEPRECATED_OBJC_IMPLEMENTATIONS = YES;
				CLANG_WARN_DIRECT_OBJC_ISA_USAGE = YES_ERROR;
				CLANG_WARN_DOCUMENTATION_COMMENTS = YES;
				CLANG_WARN_EMPTY_BODY = YES;
				CLANG_WARN_ENUM_CONVERSION = YES;
				CLANG_WARN_INFINITE_RECURSION = YES;
				CLANG_WARN_INT_CONVERSION = YES;
				CLANG_WARN_NON_LITERAL_NULL_CONVERSION = YES;
				CLANG_WARN_OBJC_IMPLICIT_RETAIN_SELF = YES;
				CLANG_WARN_OBJC_LITERAL_CONVERSION = YES;
				CLANG_WARN_OBJC_ROOT_CLASS = YES_ERROR;
				CLANG_WARN_QUOTED_INCLUDE_IN_FRAMEWORK_HEADER = YES;
				CLANG_WARN_RANGE_LOOP_ANALYSIS = YES;
				CLANG_WARN_STRICT_PROTOTYPES = YES;
				CLANG_WARN_SUSPICIOUS_MOVE = YES;
				CLANG_WARN_UNGUARDED_AVAILABILITY = YES_AGGRESSIVE;
				CLANG_WARN_UNREACHABLE_CODE = YES;
				CLANG_WARN__DUPLICATE_METHOD_MATCH = YES;
				COPY_PHASE_STRIP = NO;
				DEBUG_INFORMATION_FORMAT = "dwarf-with-dsym";
				ENABLE_NS_ASSERTIONS = NO;
				ENABLE_STRICT_OBJC_MSGSEND = YES;
				GCC_C_LANGUAGE_STANDARD = gnu11;
				GCC_NO_COMMON_BLOCKS = YES;
				GCC_WARN_64_TO_32_BIT_CONVERSION = YES;
				GCC_WARN_ABOUT_RETURN_TYPE = YES_ERROR;
				GCC_WARN_UNDECLARED_SELECTOR = YES;
				GCC_WARN_UNINITIALIZED_AUTOS = YES_AGGRESSIVE;
				GCC_WARN_UNUSED_FUNCTION = YES;
				GCC_WARN_UNUSED_VARIABLE = YES;
				IPHONEOS_DEPLOYMENT_TARGET = 16.4;
				MTL_ENABLE_DEBUG_INFO = NO;
				MTL_FAST_MATH = YES;
				SDKROOT = iphoneos;
				SWIFT_COMPILATION_MODE = wholemodule;
				SWIFT_OPTIMIZATION_LEVEL = "-O";
				VALIDATE_PRODUCT = YES;
			};
			name = Release;
		};
		FEDB5D3B2AC1751D00E8D199 /* Debug */ = {
			isa = XCBuildConfiguration;
			buildSettings = {
				ASSETCATALOG_COMPILER_APPICON_NAME = AppIcon;
				ASSETCATALOG_COMPILER_GLOBAL_ACCENT_COLOR_NAME = AccentColor;
				CODE_SIGN_STYLE = Automatic;
				CURRENT_PROJECT_VERSION = 4;
				DEVELOPMENT_ASSET_PATHS = "\"LearningSwiftUI/Preview Content\"";
				DEVELOPMENT_TEAM = P4WWGLX85H;
				ENABLE_PREVIEWS = YES;
				GENERATE_INFOPLIST_FILE = YES;
				INFOPLIST_FILE = LearningSwiftUI/Info.plist;
				INFOPLIST_KEY_CFBundleDisplayName = "";
				INFOPLIST_KEY_LSApplicationCategoryType = "";
				INFOPLIST_KEY_NSLocationAlwaysAndWhenInUseUsageDescription = "Loction Required for tracking";
				INFOPLIST_KEY_NSLocationAlwaysUsageDescription = "Loction Required for tracking";
				INFOPLIST_KEY_NSLocationUsageDescription = "Loction Required for tracking";
				INFOPLIST_KEY_NSLocationWhenInUseUsageDescription = "Loction Required for tracking";
				INFOPLIST_KEY_UIApplicationSceneManifest_Generation = YES;
				INFOPLIST_KEY_UIApplicationSupportsIndirectInputEvents = YES;
				INFOPLIST_KEY_UILaunchScreen_Generation = YES;
				INFOPLIST_KEY_UISupportedInterfaceOrientations_iPad = "UIInterfaceOrientationPortrait UIInterfaceOrientationPortraitUpsideDown UIInterfaceOrientationLandscapeLeft UIInterfaceOrientationLandscapeRight";
				INFOPLIST_KEY_UISupportedInterfaceOrientations_iPhone = "UIInterfaceOrientationPortrait UIInterfaceOrientationLandscapeLeft UIInterfaceOrientationLandscapeRight";
				LD_RUNPATH_SEARCH_PATHS = (
					"$(inherited)",
					"@executable_path/Frameworks",
				);
				MARKETING_VERSION = 1.0;
				PRODUCT_BUNDLE_IDENTIFIER = iamrich.LearningSwiftUI.myapp.com;
				PRODUCT_NAME = "$(TARGET_NAME)";
				SWIFT_EMIT_LOC_STRINGS = YES;
				SWIFT_VERSION = 5.0;
				TARGETED_DEVICE_FAMILY = "1,2";
			};
			name = Debug;
		};
		FEDB5D3C2AC1751D00E8D199 /* Release */ = {
			isa = XCBuildConfiguration;
			buildSettings = {
				ASSETCATALOG_COMPILER_APPICON_NAME = AppIcon;
				ASSETCATALOG_COMPILER_GLOBAL_ACCENT_COLOR_NAME = AccentColor;
				CODE_SIGN_STYLE = Automatic;
				CURRENT_PROJECT_VERSION = 4;
				DEVELOPMENT_ASSET_PATHS = "\"LearningSwiftUI/Preview Content\"";
				DEVELOPMENT_TEAM = P4WWGLX85H;
				ENABLE_PREVIEWS = YES;
				GENERATE_INFOPLIST_FILE = YES;
				INFOPLIST_FILE = LearningSwiftUI/Info.plist;
				INFOPLIST_KEY_CFBundleDisplayName = "";
				INFOPLIST_KEY_LSApplicationCategoryType = "";
				INFOPLIST_KEY_NSLocationAlwaysAndWhenInUseUsageDescription = "Loction Required for tracking";
				INFOPLIST_KEY_NSLocationAlwaysUsageDescription = "Loction Required for tracking";
				INFOPLIST_KEY_NSLocationUsageDescription = "Loction Required for tracking";
				INFOPLIST_KEY_NSLocationWhenInUseUsageDescription = "Loction Required for tracking";
				INFOPLIST_KEY_UIApplicationSceneManifest_Generation = YES;
				INFOPLIST_KEY_UIApplicationSupportsIndirectInputEvents = YES;
				INFOPLIST_KEY_UILaunchScreen_Generation = YES;
				INFOPLIST_KEY_UISupportedInterfaceOrientations_iPad = "UIInterfaceOrientationPortrait UIInterfaceOrientationPortraitUpsideDown UIInterfaceOrientationLandscapeLeft UIInterfaceOrientationLandscapeRight";
				INFOPLIST_KEY_UISupportedInterfaceOrientations_iPhone = "UIInterfaceOrientationPortrait UIInterfaceOrientationLandscapeLeft UIInterfaceOrientationLandscapeRight";
				LD_RUNPATH_SEARCH_PATHS = (
					"$(inherited)",
					"@executable_path/Frameworks",
				);
				MARKETING_VERSION = 1.0;
				PRODUCT_BUNDLE_IDENTIFIER = iamrich.LearningSwiftUI.myapp.com;
				PRODUCT_NAME = "$(TARGET_NAME)";
				SWIFT_EMIT_LOC_STRINGS = YES;
				SWIFT_VERSION = 5.0;
				TARGETED_DEVICE_FAMILY = "1,2";
			};
			name = Release;
		};
/* End XCBuildConfiguration section */

/* Begin XCConfigurationList section */
		FEDB5D272AC1751B00E8D199 /* Build configuration list for PBXProject "LearningSwiftUI" */ = {
			isa = XCConfigurationList;
			buildConfigurations = (
				FEDB5D382AC1751D00E8D199 /* Debug */,
				FEDB5D392AC1751D00E8D199 /* Release */,
			);
			defaultConfigurationIsVisible = 0;
			defaultConfigurationName = Release;
		};
		FEDB5D3A2AC1751D00E8D199 /* Build configuration list for PBXNativeTarget "LearningSwiftUI" */ = {
			isa = XCConfigurationList;
			buildConfigurations = (
				FEDB5D3B2AC1751D00E8D199 /* Debug */,
				FEDB5D3C2AC1751D00E8D199 /* Release */,
			);
			defaultConfigurationIsVisible = 0;
			defaultConfigurationName = Release;
		};
/* End XCConfigurationList section */
	};
	rootObject = FEDB5D242AC1751B00E8D199 /* Project object */;
}
